
Microsoft Visual Studio Solution File, Format Version 12.00
# Visual Studio Version 16
VisualStudioVersion = 16.0.31410.357
MinimumVisualStudioVersion = 10.0.40219.1
Project("{FAE04EC0-301F-11D3-BF4B-00C04F79EFBC}") = "GunaProje", "GunaProje\GunaProje.csproj", "{755217AE-F654-4779-A505-8D8C1282947F}"
EndProject
Global
	GlobalSection(SolutionConfigurationPlatforms) = preSolution
		Debug|Any CPU = Debug|Any CPU
		Release|Any CPU = Release|Any CPU
	EndGlobalSection
	GlobalSection(ProjectConfigurationPlatforms) = postSolution
		{755217AE-F654-4779-A505-8D8C1282947F}.Debug|Any CPU.ActiveCfg = Debug|Any CPU
		{755217AE-F654-4779-A505-8D8C1282947F}.Debug|Any CPU.Build.0 = Debug|Any CPU
		{755217AE-F654-4779-A505-8D8C1282947F}.Release|Any CPU.ActiveCfg = Release|Any CPU
		{755217AE-F654-4779-A505-8D8C1282947F}.Release|Any CPU.Build.0 = Release|Any CPU
	EndGlobalSection
	GlobalSection(SolutionProperties) = preSolution
		HideSolutionNode = FALSE
	EndGlobalSection
	GlobalSection(ExtensibilityGlobals) = postSolution
		SolutionGuid = {50DFACD9-48EC-4CA4-B159-BEC5AEBC33E1}
	EndGlobalSection
EndGlobal
